// !$*UTF8*$!
{
	archiveVersion = 1;
	classes = {
	};
	objectVersion = 55;
	objects = {

/* Begin PBXBuildFile section */
		F14C78FE2975C6ED009180C8 /* CodeTextView.swift in Sources */ = {isa = PBXBuildFile; fileRef = F14C78FD2975C6ED009180C8 /* CodeTextView.swift */; };
		F15CCE14297E4CFA002226BE /* RectangleButton.swift in Sources */ = {isa = PBXBuildFile; fileRef = F15CCE13297E4CFA002226BE /* RectangleButton.swift */; };
		F16A982C2954285E001332E7 /* TrainingApp.swift in Sources */ = {isa = PBXBuildFile; fileRef = F16A982B2954285E001332E7 /* TrainingApp.swift */; };
		F16A982E2954285E001332E7 /* HomeView.swift in Sources */ = {isa = PBXBuildFile; fileRef = F16A982D2954285E001332E7 /* HomeView.swift */; };
		F16A98302954285F001332E7 /* Assets.xcassets in Resources */ = {isa = PBXBuildFile; fileRef = F16A982F2954285F001332E7 /* Assets.xcassets */; };
		F16A98332954285F001332E7 /* Preview Assets.xcassets in Resources */ = {isa = PBXBuildFile; fileRef = F16A98322954285F001332E7 /* Preview Assets.xcassets */; };
		F16A984029542BDE001332E7 /* ContentModel.swift in Sources */ = {isa = PBXBuildFile; fileRef = F16A983F29542BDE001332E7 /* ContentModel.swift */; };
		F16A9843295AC8F8001332E7 /* data.json in Resources */ = {isa = PBXBuildFile; fileRef = F16A9841295AC8F8001332E7 /* data.json */; };
		F16A9844295AC8F8001332E7 /* style.html in Resources */ = {isa = PBXBuildFile; fileRef = F16A9842295AC8F8001332E7 /* style.html */; };
		F16A9846295ACB49001332E7 /* Models.swift in Sources */ = {isa = PBXBuildFile; fileRef = F16A9845295ACB49001332E7 /* Models.swift */; };
		F16A984A29693DA6001332E7 /* HomeViewRow.swift in Sources */ = {isa = PBXBuildFile; fileRef = F16A984929693DA6001332E7 /* HomeViewRow.swift */; };
		F16A984C296A23A9001332E7 /* LessonContentView.swift in Sources */ = {isa = PBXBuildFile; fileRef = F16A984B296A23A9001332E7 /* LessonContentView.swift */; };
		F16A984E296BDDFE001332E7 /* LessonViewRow.swift in Sources */ = {isa = PBXBuildFile; fileRef = F16A984D296BDDFE001332E7 /* LessonViewRow.swift */; };
		F16A9850296D2B12001332E7 /* LessonDetailView.swift in Sources */ = {isa = PBXBuildFile; fileRef = F16A984F296D2B12001332E7 /* LessonDetailView.swift */; };
		F16A98532971215D001332E7 /* AVKit.framework in Frameworks */ = {isa = PBXBuildFile; fileRef = F16A98522971215D001332E7 /* AVKit.framework */; };
		F16A985529722FA3001332E7 /* Constants.swift in Sources */ = {isa = PBXBuildFile; fileRef = F16A985429722FA3001332E7 /* Constants.swift */; };
		F17C218B2980EFFB0007F340 /* TestView.swift in Sources */ = {isa = PBXBuildFile; fileRef = F17C218A2980EFFB0007F340 /* TestView.swift */; };
		F1BDE4862985C7E500887E0A /* TestResultsView.swift in Sources */ = {isa = PBXBuildFile; fileRef = F1BDE4852985C7E500887E0A /* TestResultsView.swift */; };
/* End PBXBuildFile section */

/* Begin PBXFileReference section */
		F14C78FD2975C6ED009180C8 /* CodeTextView.swift */ = {isa = PBXFileReference; lastKnownFileType = sourcecode.swift; path = CodeTextView.swift; sourceTree = "<group>"; };
		F15CCE13297E4CFA002226BE /* RectangleButton.swift */ = {isa = PBXFileReference; lastKnownFileType = sourcecode.swift; path = RectangleButton.swift; sourceTree = "<group>"; };
		F16A98282954285E001332E7 /* TrainingApp.app */ = {isa = PBXFileReference; explicitFileType = wrapper.application; includeInIndex = 0; path = TrainingApp.app; sourceTree = BUILT_PRODUCTS_DIR; };
		F16A982B2954285E001332E7 /* TrainingApp.swift */ = {isa = PBXFileReference; lastKnownFileType = sourcecode.swift; path = TrainingApp.swift; sourceTree = "<group>"; };
		F16A982D2954285E001332E7 /* HomeView.swift */ = {isa = PBXFileReference; lastKnownFileType = sourcecode.swift; path = HomeView.swift; sourceTree = "<group>"; };
		F16A982F2954285F001332E7 /* Assets.xcassets */ = {isa = PBXFileReference; lastKnownFileType = folder.assetcatalog; path = Assets.xcassets; sourceTree = "<group>"; };
		F16A98322954285F001332E7 /* Preview Assets.xcassets */ = {isa = PBXFileReference; lastKnownFileType = folder.assetcatalog; path = "Preview Assets.xcassets"; sourceTree = "<group>"; };
		F16A983F29542BDE001332E7 /* ContentModel.swift */ = {isa = PBXFileReference; lastKnownFileType = sourcecode.swift; path = ContentModel.swift; sourceTree = "<group>"; };
		F16A9841295AC8F8001332E7 /* data.json */ = {isa = PBXFileReference; fileEncoding = 4; lastKnownFileType = text.json; path = data.json; sourceTree = "<group>"; };
		F16A9842295AC8F8001332E7 /* style.html */ = {isa = PBXFileReference; fileEncoding = 4; lastKnownFileType = text.html; path = style.html; sourceTree = "<group>"; };
		F16A9845295ACB49001332E7 /* Models.swift */ = {isa = PBXFileReference; lastKnownFileType = sourcecode.swift; path = Models.swift; sourceTree = "<group>"; };
		F16A984929693DA6001332E7 /* HomeViewRow.swift */ = {isa = PBXFileReference; lastKnownFileType = sourcecode.swift; path = HomeViewRow.swift; sourceTree = "<group>"; };
		F16A984B296A23A9001332E7 /* LessonContentView.swift */ = {isa = PBXFileReference; lastKnownFileType = sourcecode.swift; path = LessonContentView.swift; sourceTree = "<group>"; };
		F16A984D296BDDFE001332E7 /* LessonViewRow.swift */ = {isa = PBXFileReference; lastKnownFileType = sourcecode.swift; path = LessonViewRow.swift; sourceTree = "<group>"; };
		F16A984F296D2B12001332E7 /* LessonDetailView.swift */ = {isa = PBXFileReference; lastKnownFileType = sourcecode.swift; path = LessonDetailView.swift; sourceTree = "<group>"; };
		F16A98522971215D001332E7 /* AVKit.framework */ = {isa = PBXFileReference; lastKnownFileType = wrapper.framework; name = AVKit.framework; path = System/Library/Frameworks/AVKit.framework; sourceTree = SDKROOT; };
		F16A985429722FA3001332E7 /* Constants.swift */ = {isa = PBXFileReference; lastKnownFileType = sourcecode.swift; path = Constants.swift; sourceTree = "<group>"; };
		F17C218A2980EFFB0007F340 /* TestView.swift */ = {isa = PBXFileReference; lastKnownFileType = sourcecode.swift; path = TestView.swift; sourceTree = "<group>"; };
		F1BDE4852985C7E500887E0A /* TestResultsView.swift */ = {isa = PBXFileReference; lastKnownFileType = sourcecode.swift; path = TestResultsView.swift; sourceTree = "<group>"; };
/* End PBXFileReference section */

/* Begin PBXFrameworksBuildPhase section */
		F16A98252954285E001332E7 /* Frameworks */ = {
			isa = PBXFrameworksBuildPhase;
			buildActionMask = 2147483647;
			files = (
				F16A98532971215D001332E7 /* AVKit.framework in Frameworks */,
			);
			runOnlyForDeploymentPostprocessing = 0;
		};
/* End PBXFrameworksBuildPhase section */

/* Begin PBXGroup section */
		F16A981F2954285E001332E7 = {
			isa = PBXGroup;
			children = (
				F16A982A2954285E001332E7 /* TrainingApp */,
				F16A98292954285E001332E7 /* Products */,
				F16A98512971215D001332E7 /* Frameworks */,
			);
			sourceTree = "<group>";
		};
		F16A98292954285E001332E7 /* Products */ = {
			isa = PBXGroup;
			children = (
				F16A98282954285E001332E7 /* TrainingApp.app */,
			);
			name = Products;
			sourceTree = "<group>";
		};
		F16A982A2954285E001332E7 /* TrainingApp */ = {
			isa = PBXGroup;
			children = (
				F16A982B2954285E001332E7 /* TrainingApp.swift */,
				F16A983929542AEE001332E7 /* Views */,
				F16A983A29542AF7001332E7 /* ViewModels */,
				F16A983E29542B54001332E7 /* Models */,
				F16A983D29542B26001332E7 /* Resources */,
				F16A983B29542B02001332E7 /* Helpers */,
				F16A982F2954285F001332E7 /* Assets.xcassets */,
				F16A98312954285F001332E7 /* Preview Content */,
			);
			path = TrainingApp;
			sourceTree = "<group>";
		};
		F16A98312954285F001332E7 /* Preview Content */ = {
			isa = PBXGroup;
			children = (
				F16A98322954285F001332E7 /* Preview Assets.xcassets */,
			);
			path = "Preview Content";
			sourceTree = "<group>";
		};
		F16A983929542AEE001332E7 /* Views */ = {
			isa = PBXGroup;
			children = (
				F16A982D2954285E001332E7 /* HomeView.swift */,
				F16A984929693DA6001332E7 /* HomeViewRow.swift */,
				F16A984B296A23A9001332E7 /* LessonContentView.swift */,
				F16A984D296BDDFE001332E7 /* LessonViewRow.swift */,
				F16A984F296D2B12001332E7 /* LessonDetailView.swift */,
				F14C78FD2975C6ED009180C8 /* CodeTextView.swift */,
				F15CCE13297E4CFA002226BE /* RectangleButton.swift */,
				F17C218A2980EFFB0007F340 /* TestView.swift */,
				F1BDE4852985C7E500887E0A /* TestResultsView.swift */,
			);
			path = Views;
			sourceTree = "<group>";
		};
		F16A983A29542AF7001332E7 /* ViewModels */ = {
			isa = PBXGroup;
			children = (
				F16A983F29542BDE001332E7 /* ContentModel.swift */,
			);
			path = ViewModels;
			sourceTree = "<group>";
		};
		F16A983B29542B02001332E7 /* Helpers */ = {
			isa = PBXGroup;
			children = (
			);
			path = Helpers;
			sourceTree = "<group>";
		};
		F16A983D29542B26001332E7 /* Resources */ = {
			isa = PBXGroup;
			children = (
				F16A9841295AC8F8001332E7 /* data.json */,
				F16A9842295AC8F8001332E7 /* style.html */,
				F16A985429722FA3001332E7 /* Constants.swift */,
			);
			path = Resources;
			sourceTree = "<group>";
		};
		F16A983E29542B54001332E7 /* Models */ = {
			isa = PBXGroup;
			children = (
				F16A9845295ACB49001332E7 /* Models.swift */,
			);
			path = Models;
			sourceTree = "<group>";
		};
		F16A98512971215D001332E7 /* Frameworks */ = {
			isa = PBXGroup;
			children = (
				F16A98522971215D001332E7 /* AVKit.framework */,
			);
			name = Frameworks;
			sourceTree = "<group>";
		};
/* End PBXGroup section */

/* Begin PBXNativeTarget section */
		F16A98272954285E001332E7 /* TrainingApp */ = {
			isa = PBXNativeTarget;
			buildConfigurationList = F16A98362954285F001332E7 /* Build configuration list for PBXNativeTarget "TrainingApp" */;
			buildPhases = (
				F16A98242954285E001332E7 /* Sources */,
				F16A98252954285E001332E7 /* Frameworks */,
				F16A98262954285E001332E7 /* Resources */,
			);
			buildRules = (
			);
			dependencies = (
			);
			name = TrainingApp;
			productName = TrainingApp;
			productReference = F16A98282954285E001332E7 /* TrainingApp.app */;
			productType = "com.apple.product-type.application";
		};
/* End PBXNativeTarget section */

/* Begin PBXProject section */
		F16A98202954285E001332E7 /* Project object */ = {
			isa = PBXProject;
			attributes = {
				BuildIndependentTargetsInParallel = 1;
				LastSwiftUpdateCheck = 1310;
				LastUpgradeCheck = 1310;
				TargetAttributes = {
					F16A98272954285E001332E7 = {
						CreatedOnToolsVersion = 13.1;
					};
				};
			};
			buildConfigurationList = F16A98232954285E001332E7 /* Build configuration list for PBXProject "TrainingApp" */;
			compatibilityVersion = "Xcode 13.0";
			developmentRegion = en;
			hasScannedForEncodings = 0;
			knownRegions = (
				en,
				Base,
			);
			mainGroup = F16A981F2954285E001332E7;
			productRefGroup = F16A98292954285E001332E7 /* Products */;
			projectDirPath = "";
			projectRoot = "";
			targets = (
				F16A98272954285E001332E7 /* TrainingApp */,
			);
		};
/* End PBXProject section */

/* Begin PBXResourcesBuildPhase section */
		F16A98262954285E001332E7 /* Resources */ = {
			isa = PBXResourcesBuildPhase;
			buildActionMask = 2147483647;
			files = (
				F16A98332954285F001332E7 /* Preview Assets.xcassets in Resources */,
				F16A9843295AC8F8001332E7 /* data.json in Resources */,
				F16A9844295AC8F8001332E7 /* style.html in Resources */,
				F16A98302954285F001332E7 /* Assets.xcassets in Resources */,
			);
			runOnlyForDeploymentPostprocessing = 0;
		};
/* End PBXResourcesBuildPhase section */

/* Begin PBXSourcesBuildPhase section */
		F16A98242954285E001332E7 /* Sources */ = {
			isa = PBXSourcesBuildPhase;
			buildActionMask = 2147483647;
			files = (
				F17C218B2980EFFB0007F340 /* TestView.swift in Sources */,
				F16A982E2954285E001332E7 /* HomeView.swift in Sources */,
				F16A984A29693DA6001332E7 /* HomeViewRow.swift in Sources */,
				F16A984E296BDDFE001332E7 /* LessonViewRow.swift in Sources */,
				F16A9850296D2B12001332E7 /* LessonDetailView.swift in Sources */,
				F16A982C2954285E001332E7 /* TrainingApp.swift in Sources */,
				F15CCE14297E4CFA002226BE /* RectangleButton.swift in Sources */,
				F16A984029542BDE001332E7 /* ContentModel.swift in Sources */,
				F14C78FE2975C6ED009180C8 /* CodeTextView.swift in Sources */,
				F16A984C296A23A9001332E7 /* LessonContentView.swift in Sources */,
				F1BDE4862985C7E500887E0A /* TestResultsView.swift in Sources */,
				F16A9846295ACB49001332E7 /* Models.swift in Sources */,
				F16A985529722FA3001332E7 /* Constants.swift in Sources */,
			);
			runOnlyForDeploymentPostprocessing = 0;
		};
/* End PBXSourcesBuildPhase section */

/* Begin XCBuildConfiguration section */
		F16A98342954285F001332E7 /* Debug */ = {
			isa = XCBuildConfiguration;
			buildSettings = {
				ALWAYS_SEARCH_USER_PATHS = NO;
				CLANG_ANALYZER_NONNULL = YES;
				CLANG_ANALYZER_NUMBER_OBJECT_CONVERSION = YES_AGGRESSIVE;
				CLANG_CXX_LANGUAGE_STANDARD = "gnu++17";
				CLANG_CXX_LIBRARY = "libc++";
				CLANG_ENABLE_MODULES = YES;
				CLANG_ENABLE_OBJC_ARC = YES;
				CLANG_ENABLE_OBJC_WEAK = YES;
				CLANG_WARN_BLOCK_CAPTURE_AUTORELEASING = YES;
				CLANG_WARN_BOOL_CONVERSION = YES;
				CLANG_WARN_COMMA = YES;
				CLANG_WARN_CONSTANT_CONVERSION = YES;
				CLANG_WARN_DEPRECATED_OBJC_IMPLEMENTATIONS = YES;
				CLANG_WARN_DIRECT_OBJC_ISA_USAGE = YES_ERROR;
				CLANG_WARN_DOCUMENTATION_COMMENTS = YES;
				CLANG_WARN_EMPTY_BODY = YES;
				CLANG_WARN_ENUM_CONVERSION = YES;
				CLANG_WARN_INFINITE_RECURSION = YES;
				CLANG_WARN_INT_CONVERSION = YES;
				CLANG_WARN_NON_LITERAL_NULL_CONVERSION = YES;
				CLANG_WARN_OBJC_IMPLICIT_RETAIN_SELF = YES;
				CLANG_WARN_OBJC_LITERAL_CONVERSION = YES;
				CLANG_WARN_OBJC_ROOT_CLASS = YES_ERROR;
				CLANG_WARN_QUOTED_INCLUDE_IN_FRAMEWORK_HEADER = YES;
				CLANG_WARN_RANGE_LOOP_ANALYSIS = YES;
				CLANG_WARN_STRICT_PROTOTYPES = YES;
				CLANG_WARN_SUSPICIOUS_MOVE = YES;
				CLANG_WARN_UNGUARDED_AVAILABILITY = YES_AGGRESSIVE;
				CLANG_WARN_UNREACHABLE_CODE = YES;
				CLANG_WARN__DUPLICATE_METHOD_MATCH = YES;
				COPY_PHASE_STRIP = NO;
				DEBUG_INFORMATION_FORMAT = dwarf;
				ENABLE_STRICT_OBJC_MSGSEND = YES;
				ENABLE_TESTABILITY = YES;
				GCC_C_LANGUAGE_STANDARD = gnu11;
				GCC_DYNAMIC_NO_PIC = NO;
				GCC_NO_COMMON_BLOCKS = YES;
				GCC_OPTIMIZATION_LEVEL = 0;
				GCC_PREPROCESSOR_DEFINITIONS = (
					"DEBUG=1",
					"$(inherited)",
				);
				GCC_WARN_64_TO_32_BIT_CONVERSION = YES;
				GCC_WARN_ABOUT_RETURN_TYPE = YES_ERROR;
				GCC_WARN_UNDECLARED_SELECTOR = YES;
				GCC_WARN_UNINITIALIZED_AUTOS = YES_AGGRESSIVE;
				GCC_WARN_UNUSED_FUNCTION = YES;
				GCC_WARN_UNUSED_VARIABLE = YES;
				IPHONEOS_DEPLOYMENT_TARGET = 15.0;
				MTL_ENABLE_DEBUG_INFO = INCLUDE_SOURCE;
				MTL_FAST_MATH = YES;
				ONLY_ACTIVE_ARCH = YES;
				SDKROOT = iphoneos;
				SWIFT_ACTIVE_COMPILATION_CONDITIONS = DEBUG;
				SWIFT_OPTIMIZATION_LEVEL = "-Onone";
			};
			name = Debug;
		};
		F16A98352954285F001332E7 /* Release */ = {
			isa = XCBuildConfiguration;
			buildSettings = {
				ALWAYS_SEARCH_USER_PATHS = NO;
				CLANG_ANALYZER_NONNULL = YES;
				CLANG_ANALYZER_NUMBER_OBJECT_CONVERSION = YES_AGGRESSIVE;
				CLANG_CXX_LANGUAGE_STANDARD = "gnu++17";
				CLANG_CXX_LIBRARY = "libc++";
				CLANG_ENABLE_MODULES = YES;
				CLANG_ENABLE_OBJC_ARC = YES;
				CLANG_ENABLE_OBJC_WEAK = YES;
				CLANG_WARN_BLOCK_CAPTURE_AUTORELEASING = YES;
				CLANG_WARN_BOOL_CONVERSION = YES;
				CLANG_WARN_COMMA = YES;
				CLANG_WARN_CONSTANT_CONVERSION = YES;
				CLANG_WARN_DEPRECATED_OBJC_IMPLEMENTATIONS = YES;
				CLANG_WARN_DIRECT_OBJC_ISA_USAGE = YES_ERROR;
				CLANG_WARN_DOCUMENTATION_COMMENTS = YES;
				CLANG_WARN_EMPTY_BODY = YES;
				CLANG_WARN_ENUM_CONVERSION = YES;
				CLANG_WARN_INFINITE_RECURSION = YES;
				CLANG_WARN_INT_CONVERSION = YES;
				CLANG_WARN_NON_LITERAL_NULL_CONVERSION = YES;
				CLANG_WARN_OBJC_IMPLICIT_RETAIN_SELF = YES;
				CLANG_WARN_OBJC_LITERAL_CONVERSION = YES;
				CLANG_WARN_OBJC_ROOT_CLASS = YES_ERROR;
				CLANG_WARN_QUOTED_INCLUDE_IN_FRAMEWORK_HEADER = YES;
				CLANG_WARN_RANGE_LOOP_ANALYSIS = YES;
				CLANG_WARN_STRICT_PROTOTYPES = YES;
				CLANG_WARN_SUSPICIOUS_MOVE = YES;
				CLANG_WARN_UNGUARDED_AVAILABILITY = YES_AGGRESSIVE;
				CLANG_WARN_UNREACHABLE_CODE = YES;
				CLANG_WARN__DUPLICATE_METHOD_MATCH = YES;
				COPY_PHASE_STRIP = NO;
				DEBUG_INFORMATION_FORMAT = "dwarf-with-dsym";
				ENABLE_NS_ASSERTIONS = NO;
				ENABLE_STRICT_OBJC_MSGSEND = YES;
				GCC_C_LANGUAGE_STANDARD = gnu11;
				GCC_NO_COMMON_BLOCKS = YES;
				GCC_WARN_64_TO_32_BIT_CONVERSION = YES;
				GCC_WARN_ABOUT_RETURN_TYPE = YES_ERROR;
				GCC_WARN_UNDECLARED_SELECTOR = YES;
				GCC_WARN_UNINITIALIZED_AUTOS = YES_AGGRESSIVE;
				GCC_WARN_UNUSED_FUNCTION = YES;
				GCC_WARN_UNUSED_VARIABLE = YES;
				IPHONEOS_DEPLOYMENT_TARGET = 15.0;
				MTL_ENABLE_DEBUG_INFO = NO;
				MTL_FAST_MATH = YES;
				SDKROOT = iphoneos;
				SWIFT_COMPILATION_MODE = wholemodule;
				SWIFT_OPTIMIZATION_LEVEL = "-O";
				VALIDATE_PRODUCT = YES;
			};
			name = Release;
		};
		F16A98372954285F001332E7 /* Debug */ = {
			isa = XCBuildConfiguration;
			buildSettings = {
				ASSETCATALOG_COMPILER_APPICON_NAME = AppIcon;
				ASSETCATALOG_COMPILER_GLOBAL_ACCENT_COLOR_NAME = AccentColor;
				CODE_SIGN_STYLE = Automatic;
				CURRENT_PROJECT_VERSION = 1;
				DEVELOPMENT_ASSET_PATHS = "\"TrainingApp/Preview Content\"";
				DEVELOPMENT_TEAM = 6W96N4J2BC;
				ENABLE_PREVIEWS = YES;
				GENERATE_INFOPLIST_FILE = YES;
				INFOPLIST_KEY_UIApplicationSceneManifest_Generation = YES;
				INFOPLIST_KEY_UIApplicationSupportsIndirectInputEvents = YES;
				INFOPLIST_KEY_UILaunchScreen_Generation = YES;
				INFOPLIST_KEY_UISupportedInterfaceOrientations_iPad = "UIInterfaceOrientationPortrait UIInterfaceOrientationPortraitUpsideDown UIInterfaceOrientationLandscapeLeft UIInterfaceOrientationLandscapeRight";
				INFOPLIST_KEY_UISupportedInterfaceOrientations_iPhone = "UIInterfaceOrientationPortrait UIInterfaceOrientationLandscapeLeft UIInterfaceOrientationLandscapeRight";
				LD_RUNPATH_SEARCH_PATHS = (
					"$(inherited)",
					"@executable_path/Frameworks",
				);
				MARKETING_VERSION = 1.0;
				PRODUCT_BUNDLE_IDENTIFIER = com.monty.TrainingApp;
				PRODUCT_NAME = "$(TARGET_NAME)";
				SWIFT_EMIT_LOC_STRINGS = YES;
				SWIFT_VERSION = 5.0;
				TARGETED_DEVICE_FAMILY = "1,2";
			};
			name = Debug;
		};
		F16A98382954285F001332E7 /* Release */ = {
			isa = XCBuildConfiguration;
			buildSettings = {
				ASSETCATALOG_COMPILER_APPICON_NAME = AppIcon;
				ASSETCATALOG_COMPILER_GLOBAL_ACCENT_COLOR_NAME = AccentColor;
				CODE_SIGN_STYLE = Automatic;
				CURRENT_PROJECT_VERSION = 1;
				DEVELOPMENT_ASSET_PATHS = "\"TrainingApp/Preview Content\"";
				DEVELOPMENT_TEAM = 6W96N4J2BC;
				ENABLE_PREVIEWS = YES;
				GENERATE_INFOPLIST_FILE = YES;
				INFOPLIST_KEY_UIApplicationSceneManifest_Generation = YES;
				INFOPLIST_KEY_UIApplicationSupportsIndirectInputEvents = YES;
				INFOPLIST_KEY_UILaunchScreen_Generation = YES;
				INFOPLIST_KEY_UISupportedInterfaceOrientations_iPad = "UIInterfaceOrientationPortrait UIInterfaceOrientationPortraitUpsideDown UIInterfaceOrientationLandscapeLeft UIInterfaceOrientationLandscapeRight";
				INFOPLIST_KEY_UISupportedInterfaceOrientations_iPhone = "UIInterfaceOrientationPortrait UIInterfaceOrientationLandscapeLeft UIInterfaceOrientationLandscapeRight";
				LD_RUNPATH_SEARCH_PATHS = (
					"$(inherited)",
					"@executable_path/Frameworks",
				);
				MARKETING_VERSION = 1.0;
				PRODUCT_BUNDLE_IDENTIFIER = com.monty.TrainingApp;
				PRODUCT_NAME = "$(TARGET_NAME)";
				SWIFT_EMIT_LOC_STRINGS = YES;
				SWIFT_VERSION = 5.0;
				TARGETED_DEVICE_FAMILY = "1,2";
			};
			name = Release;
		};
/* End XCBuildConfiguration section */

/* Begin XCConfigurationList section */
		F16A98232954285E001332E7 /* Build configuration list for PBXProject "TrainingApp" */ = {
			isa = XCConfigurationList;
			buildConfigurations = (
				F16A98342954285F001332E7 /* Debug */,
				F16A98352954285F001332E7 /* Release */,
			);
			defaultConfigurationIsVisible = 0;
			defaultConfigurationName = Release;
		};
		F16A98362954285F001332E7 /* Build configuration list for PBXNativeTarget "TrainingApp" */ = {
			isa = XCConfigurationList;
			buildConfigurations = (
				F16A98372954285F001332E7 /* Debug */,
				F16A98382954285F001332E7 /* Release */,
			);
			defaultConfigurationIsVisible = 0;
			defaultConfigurationName = Release;
		};
/* End XCConfigurationList section */
	};
	rootObject = F16A98202954285E001332E7 /* Project object */;
}
